
Microsoft Visual Studio Solution File, Format Version 12.00
# Visual Studio 15
VisualStudioVersion = 15.0.28307.572
MinimumVisualStudioVersion = 10.0.40219.1
Project("{9A19103F-16F7-4668-BE54-9A1E7A4F7556}") = "SmartPing", "SmartPing\SmartPing.csproj", "{9C66AD0F-6BEE-451D-8E14-18567233DD95}"
EndProject
Project("{FAE04EC0-301F-11D3-BF4B-00C04F79EFBC}") = "SmartPingF", "SmartPingF\SmartPingF.csproj", "{004D7A3F-3D24-4913-A0D1-6104DAF30650}"
EndProject
Global
	GlobalSection(SolutionConfigurationPlatforms) = preSolution
		Debug|Any CPU = Debug|Any CPU
		Release|Any CPU = Release|Any CPU
	EndGlobalSection
	GlobalSection(ProjectConfigurationPlatforms) = postSolution
		{9C66AD0F-6BEE-451D-8E14-18567233DD95}.Debug|Any CPU.ActiveCfg = Debug|Any CPU
		{9C66AD0F-6BEE-451D-8E14-18567233DD95}.Debug|Any CPU.Build.0 = Debug|Any CPU
		{9C66AD0F-6BEE-451D-8E14-18567233DD95}.Release|Any CPU.ActiveCfg = Release|Any CPU
		{9C66AD0F-6BEE-451D-8E14-18567233DD95}.Release|Any CPU.Build.0 = Release|Any CPU
		{004D7A3F-3D24-4913-A0D1-6104DAF30650}.Debug|Any CPU.ActiveCfg = Debug|Any CPU
		{004D7A3F-3D24-4913-A0D1-6104DAF30650}.Debug|Any CPU.Build.0 = Debug|Any CPU
		{004D7A3F-3D24-4913-A0D1-6104DAF30650}.Release|Any CPU.ActiveCfg = Release|Any CPU
		{004D7A3F-3D24-4913-A0D1-6104DAF30650}.Release|Any CPU.Build.0 = Release|Any CPU
	EndGlobalSection
	GlobalSection(SolutionProperties) = preSolution
		HideSolutionNode = FALSE
	EndGlobalSection
	GlobalSection(ExtensibilityGlobals) = postSolution
		SolutionGuid = {3E35DCE3-8FC0-4239-820C-4A9737B69791}
	EndGlobalSection
EndGlobal
